
Microsoft Visual Studio Solution File, Format Version 12.00
# Visual Studio Version 16
VisualStudioVersion = 16.0.30621.155
MinimumVisualStudioVersion = 10.0.40219.1
Project("{FAE04EC0-301F-11D3-BF4B-00C04F79EFBC}") = "LafiamiAPI", "LafiamiAPI\LafiamiAPI.csproj", "{4BE0614E-2641-4A7B-9984-3F340601F8E6}"
EndProject
Project("{FAE04EC0-301F-11D3-BF4B-00C04F79EFBC}") = "LafiamiAPI.Utilities", "LafiamiAPI.UtilitiesNew\LafiamiAPI.Utilities.csproj", "{7F9FF003-1D6E-4558-AC9B-467B5E65162C}"
EndProject
Project("{FAE04EC0-301F-11D3-BF4B-00C04F79EFBC}") = "LafiamiAPI.Services", "LafiamiAPI.ServicesNew\LafiamiAPI.Services.csproj", "{A7A8DABF-3C93-495E-AD76-FE8D7CB2AFBA}"
EndProject
Project("{FAE04EC0-301F-11D3-BF4B-00C04F79EFBC}") = "LafiamiAPI.Models", "LafiamiAPI.Models\LafiamiAPI.Models.csproj", "{459A68D1-53D2-4348-A620-6F0EF774F694}"
EndProject
Project("{FAE04EC0-301F-11D3-BF4B-00C04F79EFBC}") = "LafiamiAPI.Interfaces", "LafiamiAPI.Interfaces\LafiamiAPI.Interfaces.csproj", "{C340AEFE-65D5-4674-AABD-29406DCEE087}"
EndProject
Project("{FAE04EC0-301F-11D3-BF4B-00C04F79EFBC}") = "LafiamiAPI.Datas", "LafiamiAPI.Datas\LafiamiAPI.Datas.csproj", "{E60FD8E1-C264-4245-A346-9FDE0A96A3F2}"
EndProject
Global
	GlobalSection(SolutionConfigurationPlatforms) = preSolution
		Debug|Any CPU = Debug|Any CPU
		Release|Any CPU = Release|Any CPU
	EndGlobalSection
	GlobalSection(ProjectConfigurationPlatforms) = postSolution
		{4BE0614E-2641-4A7B-9984-3F340601F8E6}.Debug|Any CPU.ActiveCfg = Debug|Any CPU
		{4BE0614E-2641-4A7B-9984-3F340601F8E6}.Debug|Any CPU.Build.0 = Debug|Any CPU
		{4BE0614E-2641-4A7B-9984-3F340601F8E6}.Release|Any CPU.ActiveCfg = Release|Any CPU
		{4BE0614E-2641-4A7B-9984-3F340601F8E6}.Release|Any CPU.Build.0 = Release|Any CPU
		{7F9FF003-1D6E-4558-AC9B-467B5E65162C}.Debug|Any CPU.ActiveCfg = Debug|Any CPU
		{7F9FF003-1D6E-4558-AC9B-467B5E65162C}.Debug|Any CPU.Build.0 = Debug|Any CPU
		{7F9FF003-1D6E-4558-AC9B-467B5E65162C}.Release|Any CPU.ActiveCfg = Release|Any CPU
		{7F9FF003-1D6E-4558-AC9B-467B5E65162C}.Release|Any CPU.Build.0 = Release|Any CPU
		{A7A8DABF-3C93-495E-AD76-FE8D7CB2AFBA}.Debug|Any CPU.ActiveCfg = Debug|Any CPU
		{A7A8DABF-3C93-495E-AD76-FE8D7CB2AFBA}.Debug|Any CPU.Build.0 = Debug|Any CPU
		{A7A8DABF-3C93-495E-AD76-FE8D7CB2AFBA}.Release|Any CPU.ActiveCfg = Release|Any CPU
		{A7A8DABF-3C93-495E-AD76-FE8D7CB2AFBA}.Release|Any CPU.Build.0 = Release|Any CPU
		{459A68D1-53D2-4348-A620-6F0EF774F694}.Debug|Any CPU.ActiveCfg = Debug|Any CPU
		{459A68D1-53D2-4348-A620-6F0EF774F694}.Debug|Any CPU.Build.0 = Debug|Any CPU
		{459A68D1-53D2-4348-A620-6F0EF774F694}.Release|Any CPU.ActiveCfg = Release|Any CPU
		{459A68D1-53D2-4348-A620-6F0EF774F694}.Release|Any CPU.Build.0 = Release|Any CPU
		{C340AEFE-65D5-4674-AABD-29406DCEE087}.Debug|Any CPU.ActiveCfg = Debug|Any CPU
		{C340AEFE-65D5-4674-AABD-29406DCEE087}.Debug|Any CPU.Build.0 = Debug|Any CPU
		{C340AEFE-65D5-4674-AABD-29406DCEE087}.Release|Any CPU.ActiveCfg = Release|Any CPU
		{C340AEFE-65D5-4674-AABD-29406DCEE087}.Release|Any CPU.Build.0 = Release|Any CPU
		{E60FD8E1-C264-4245-A346-9FDE0A96A3F2}.Debug|Any CPU.ActiveCfg = Debug|Any CPU
		{E60FD8E1-C264-4245-A346-9FDE0A96A3F2}.Debug|Any CPU.Build.0 = Debug|Any CPU
		{E60FD8E1-C264-4245-A346-9FDE0A96A3F2}.Release|Any CPU.ActiveCfg = Release|Any CPU
		{E60FD8E1-C264-4245-A346-9FDE0A96A3F2}.Release|Any CPU.Build.0 = Release|Any CPU
	EndGlobalSection
	GlobalSection(SolutionProperties) = preSolution
		HideSolutionNode = FALSE
	EndGlobalSection
	GlobalSection(ExtensibilityGlobals) = postSolution
		SolutionGuid = {7F39A1A2-ECF3-4013-9085-C90711F13761}
	EndGlobalSection
EndGlobal
